{
  "name": "env-health-checker",
  "version": "1.0.0",
  "lockfileVersion": 1,
  "requires": true,
  "dependencies": {
    "@actions/core": {
      "version": "1.2.4",
      "resolved": "https://artifactory.common.bluescape.com/api/npm/bluescape-repo/@actions/core/-/core-1.2.4.tgz",
      "integrity": "sha1-lhedv5+NlR3XS0Cg29XCJVXRhqs="
    },
    "@actions/github": {
      "version": "3.0.0",
      "resolved": "https://artifactory.common.bluescape.com/api/npm/bluescape-repo/@actions/github/-/github-3.0.0.tgz",
      "integrity": "sha1-zhtyGiZq1axSLaDJwBPJmQCWBL8=",
      "requires": {
        "@actions/http-client": "^1.0.3",
        "@octokit/core": "^2.5.1",
        "@octokit/plugin-paginate-rest": "^2.2.0",
        "@octokit/plugin-rest-endpoint-methods": "^3.10.0"
      }
    },
    "@actions/http-client": {
      "version": "1.0.8",
      "resolved": "https://artifactory.common.bluescape.com/api/npm/bluescape-repo/@actions/http-client/-/http-client-1.0.8.tgz",
      "integrity": "sha1-i9dujsqJ3IvPYZqhKOuoX3o5r0U=",
      "requires": {
        "tunnel": "0.0.6"
      }
    },
    "@octokit/auth-token": {
      "version": "2.4.2",
      "resolved": "https://artifactory.common.bluescape.com/api/npm/bluescape-repo/@octokit/auth-token/-/auth-token-2.4.2.tgz",
      "integrity": "sha1-ENCul5sQD6a3L6Do5j4n5tDb/4o=",
      "requires": {
        "@octokit/types": "^5.0.0"
      }
    },
    "@octokit/core": {
      "version": "2.5.4",
      "resolved": "https://artifactory.common.bluescape.com/api/npm/bluescape-repo/@octokit/core/-/core-2.5.4.tgz",
      "integrity": "sha1-9/v45PhsXMJJeoiHuiVh7I01gFQ=",
      "requires": {
        "@octokit/auth-token": "^2.4.0",
        "@octokit/graphql": "^4.3.1",
        "@octokit/request": "^5.4.0",
        "@octokit/types": "^5.0.0",
        "before-after-hook": "^2.1.0",
        "universal-user-agent": "^5.0.0"
      }
    },
    "@octokit/endpoint": {
      "version": "6.0.3",
      "resolved": "https://artifactory.common.bluescape.com/api/npm/bluescape-repo/@octokit/endpoint/-/endpoint-6.0.3.tgz",
      "integrity": "sha1-3Qm1mWYtfhtmN0oXerYg2M33NIc=",
      "requires": {
        "@octokit/types": "^5.0.0",
        "is-plain-object": "^3.0.0",
        "universal-user-agent": "^5.0.0"
      }
    },
    "@octokit/graphql": {
      "version": "4.5.1",
      "resolved": "https://artifactory.common.bluescape.com/api/npm/bluescape-repo/@octokit/graphql/-/graphql-4.5.1.tgz",
      "integrity": "sha1-FirtFJAyC4jONHdbP2uN6UVSn6k=",
      "requires": {
        "@octokit/request": "^5.3.0",
        "@octokit/types": "^5.0.0",
        "universal-user-agent": "^5.0.0"
      }
    },
    "@octokit/plugin-paginate-rest": {
      "version": "2.2.3",
      "resolved": "https://artifactory.common.bluescape.com/api/npm/bluescape-repo/@octokit/plugin-paginate-rest/-/plugin-paginate-rest-2.2.3.tgz",
      "integrity": "sha1-pq1Dd+fngy+0vdnUIeYAy3ZArCc=",
      "requires": {
        "@octokit/types": "^5.0.0"
      }
    },
    "@octokit/plugin-rest-endpoint-methods": {
      "version": "3.17.0",
      "resolved": "https://artifactory.common.bluescape.com/api/npm/bluescape-repo/@octokit/plugin-rest-endpoint-methods/-/plugin-rest-endpoint-methods-3.17.0.tgz",
      "integrity": "sha1-2LoE64g4Sd2YZmxVv0nYyf574FU=",
      "requires": {
        "@octokit/types": "^4.1.6",
        "deprecation": "^2.3.1"
      },
      "dependencies": {
        "@octokit/types": {
          "version": "4.1.10",
          "resolved": "https://artifactory.common.bluescape.com/api/npm/bluescape-repo/@octokit/types/-/types-4.1.10.tgz",
          "integrity": "sha1-5AKcEeLMEzUFF3W8FgDn50DkrKQ=",
          "requires": {
            "@types/node": ">= 8"
          }
        }
      }
    },
    "@octokit/request": {
      "version": "5.4.5",
      "resolved": "https://artifactory.common.bluescape.com/api/npm/bluescape-repo/@octokit/request/-/request-5.4.5.tgz",
      "integrity": "sha1-jfZb2BIEdSH36dtv8RjAa6hKwQs=",
      "requires": {
        "@octokit/endpoint": "^6.0.1",
        "@octokit/request-error": "^2.0.0",
        "@octokit/types": "^5.0.0",
        "deprecation": "^2.0.0",
        "is-plain-object": "^3.0.0",
        "node-fetch": "^2.3.0",
        "once": "^1.4.0",
        "universal-user-agent": "^5.0.0"
      }
    },
    "@octokit/request-error": {
      "version": "2.0.2",
      "resolved": "https://artifactory.common.bluescape.com/api/npm/bluescape-repo/@octokit/request-error/-/request-error-2.0.2.tgz",
      "integrity": "sha1-Dna4P12P3aHbmQJ+pfYXwua6ntA=",
      "requires": {
        "@octokit/types": "^5.0.1",
        "deprecation": "^2.0.0",
        "once": "^1.4.0"
      }
    },
    "@octokit/types": {
      "version": "5.0.1",
      "resolved": "https://artifactory.common.bluescape.com/api/npm/bluescape-repo/@octokit/types/-/types-5.0.1.tgz",
      "integrity": "sha1-VFnppenfhWXcxiwXo0SRkE1xlx4=",
      "requires": {
        "@types/node": ">= 8"
      }
    },
    "@types/node": {
      "version": "14.0.14",
      "resolved": "https://artifactory.common.bluescape.com/api/npm/bluescape-repo/@types/node/-/node-14.0.14.tgz",
      "integrity": "sha1-JKC1lZ8WrBQa6wxbPNehW3xky84="
    },
    "before-after-hook": {
      "version": "2.1.0",
      "resolved": "https://artifactory.common.bluescape.com/api/npm/bluescape-repo/before-after-hook/-/before-after-hook-2.1.0.tgz",
      "integrity": "sha1-tsA0h/ROJCAN0wyl5qGXnF0vtjU="
    },
    "cross-spawn": {
      "version": "6.0.5",
      "resolved": "https://artifactory.common.bluescape.com/api/npm/bluescape-repo/cross-spawn/-/cross-spawn-6.0.5.tgz",
      "integrity": "sha1-Sl7Hxk364iw6FBJNus3uhG2Ay8Q=",
      "requires": {
        "nice-try": "^1.0.4",
        "path-key": "^2.0.1",
        "semver": "^5.5.0",
        "shebang-command": "^1.2.0",
        "which": "^1.2.9"
      }
    },
    "deprecation": {
      "version": "2.3.1",
      "resolved": "https://artifactory.common.bluescape.com/api/npm/bluescape-repo/deprecation/-/deprecation-2.3.1.tgz",
      "integrity": "sha1-Y2jL20Cr8zc7UlrIfkomDDpwCRk="
    },
    "end-of-stream": {
      "version": "1.4.4",
      "resolved": "https://artifactory.common.bluescape.com/api/npm/bluescape-repo/end-of-stream/-/end-of-stream-1.4.4.tgz",
      "integrity": "sha1-WuZKX0UFe682JuwU2gyl5LJDHrA=",
      "requires": {
        "once": "^1.4.0"
      }
    },
    "execa": {
      "version": "1.0.0",
      "resolved": "https://artifactory.common.bluescape.com/api/npm/bluescape-repo/execa/-/execa-1.0.0.tgz",
      "integrity": "sha1-xiNqW7TfbW8V6I5/AXeYIWdJ3dg=",
      "requires": {
        "cross-spawn": "^6.0.0",
        "get-stream": "^4.0.0",
        "is-stream": "^1.1.0",
        "npm-run-path": "^2.0.0",
        "p-finally": "^1.0.0",
        "signal-exit": "^3.0.0",
        "strip-eof": "^1.0.0"
      }
    },
    "get-stream": {
      "version": "4.1.0",
      "resolved": "https://artifactory.common.bluescape.com/api/npm/bluescape-repo/get-stream/-/get-stream-4.1.0.tgz",
      "integrity": "sha1-wbJVV189wh1Zv8ec09K0axw6VLU=",
      "requires": {
        "pump": "^3.0.0"
      }
    },
    "is-plain-object": {
      "version": "3.0.0",
      "resolved": "https://artifactory.common.bluescape.com/api/npm/bluescape-repo/is-plain-object/-/is-plain-object-3.0.0.tgz",
      "integrity": "sha1-R7/F2htdUNZBEIBsGZNZSC51qSg=",
      "requires": {
        "isobject": "^4.0.0"
      }
    },
    "is-stream": {
      "version": "1.1.0",
      "resolved": "https://artifactory.common.bluescape.com/api/npm/bluescape-repo/is-stream/-/is-stream-1.1.0.tgz",
      "integrity": "sha1-EtSj3U5o4Lec6428hBc66A2RykQ="
    },
    "isexe": {
      "version": "2.0.0",
      "resolved": "https://artifactory.common.bluescape.com/api/npm/bluescape-repo/isexe/-/isexe-2.0.0.tgz",
      "integrity": "sha1-6PvzdNxVb/iUehDcsFctYz8s+hA="
    },
    "isobject": {
      "version": "4.0.0",
      "resolved": "https://artifactory.common.bluescape.com/api/npm/bluescape-repo/isobject/-/isobject-4.0.0.tgz",
      "integrity": "sha1-PxyRVec7GSAiqAgZus0DQ3EWl7A="
    },
    "macos-release": {
      "version": "2.3.0",
      "resolved": "https://artifactory.common.bluescape.com/api/npm/bluescape-repo/macos-release/-/macos-release-2.3.0.tgz",
      "integrity": "sha1-6xkwsDbAgArevM1fF7xMEt6Ltx8="
    },
    "nice-try": {
      "version": "1.0.5",
      "resolved": "https://artifactory.common.bluescape.com/api/npm/bluescape-repo/nice-try/-/nice-try-1.0.5.tgz",
      "integrity": "sha1-ozeKdpbOfSI+iPybdkvX7xCJ42Y="
    },
    "node-fetch": {
      "version": "2.6.0",
      "resolved": "https://artifactory.common.bluescape.com/api/npm/bluescape-repo/node-fetch/-/node-fetch-2.6.0.tgz",
      "integrity": "sha1-5jNFY4bUqlWGP2dqerDaqP3ssP0="
    },
    "npm-run-path": {
      "version": "2.0.2",
      "resolved": "https://artifactory.common.bluescape.com/api/npm/bluescape-repo/npm-run-path/-/npm-run-path-2.0.2.tgz",
      "integrity": "sha1-NakjLfo11wZ7TLLd8jV7GHFTbF8=",
      "requires": {
        "path-key": "^2.0.0"
      }
    },
    "once": {
      "version": "1.4.0",
      "resolved": "https://artifactory.common.bluescape.com/api/npm/bluescape-repo/once/-/once-1.4.0.tgz",
      "integrity": "sha1-WDsap3WWHUsROsF9nFC6753Xa9E=",
      "requires": {
        "wrappy": "1"
      }
    },
    "os-name": {
      "version": "3.1.0",
      "resolved": "https://artifactory.common.bluescape.com/api/npm/bluescape-repo/os-name/-/os-name-3.1.0.tgz",
      "integrity": "sha1-3sGdlmKW4c1i1wGlpm7h3ernCAE=",
      "requires": {
        "macos-release": "^2.2.0",
        "windows-release": "^3.1.0"
      }
    },
    "p-finally": {
      "version": "1.0.0",
      "resolved": "https://artifactory.common.bluescape.com/api/npm/bluescape-repo/p-finally/-/p-finally-1.0.0.tgz",
      "integrity": "sha1-P7z7FbiZpEEjs0ttzBi3JDNqLK4="
    },
    "path-key": {
      "version": "2.0.1",
      "resolved": "https://artifactory.common.bluescape.com/api/npm/bluescape-repo/path-key/-/path-key-2.0.1.tgz",
      "integrity": "sha1-QRyttXTFoUDTpLGRDUDYDMn0C0A="
    },
    "pump": {
      "version": "3.0.0",
      "resolved": "https://artifactory.common.bluescape.com/api/npm/bluescape-repo/pump/-/pump-3.0.0.tgz",
      "integrity": "sha1-tKIRaBW94vTh6mAjVOjHVWUQemQ=",
      "requires": {
        "end-of-stream": "^1.1.0",
        "once": "^1.3.1"
      }
    },
    "semver": {
      "version": "5.7.1",
      "resolved": "https://artifactory.common.bluescape.com/api/npm/bluescape-repo/semver/-/semver-5.7.1.tgz",
      "integrity": "sha1-qVT5Ma66UI0we78Gnv8MAclhFvc="
    },
    "shebang-command": {
      "version": "1.2.0",
      "resolved": "https://artifactory.common.bluescape.com/api/npm/bluescape-repo/shebang-command/-/shebang-command-1.2.0.tgz",
      "integrity": "sha1-RKrGW2lbAzmJaMOfNj/uXer98eo=",
      "requires": {
        "shebang-regex": "^1.0.0"
      }
    },
    "shebang-regex": {
      "version": "1.0.0",
      "resolved": "https://artifactory.common.bluescape.com/api/npm/bluescape-repo/shebang-regex/-/shebang-regex-1.0.0.tgz",
      "integrity": "sha1-2kL0l0DAtC2yypcoVxyxkMmO/qM="
    },
    "signal-exit": {
      "version": "3.0.3",
      "resolved": "https://artifactory.common.bluescape.com/api/npm/bluescape-repo/signal-exit/-/signal-exit-3.0.3.tgz",
      "integrity": "sha1-oUEMLt2PB3sItOJTyOrPyvBXRhw="
    },
    "strip-eof": {
      "version": "1.0.0",
      "resolved": "https://artifactory.common.bluescape.com/api/npm/bluescape-repo/strip-eof/-/strip-eof-1.0.0.tgz",
      "integrity": "sha1-u0P/VZim6wXYm1n80SnJgzE2Br8="
    },
    "tunnel": {
      "version": "0.0.6",
      "resolved": "https://artifactory.common.bluescape.com/api/npm/bluescape-repo/tunnel/-/tunnel-0.0.6.tgz",
      "integrity": "sha1-cvExSzSlsZLbASMk3yzFh8pH+Sw="
    },
    "universal-user-agent": {
      "version": "5.0.0",
      "resolved": "https://artifactory.common.bluescape.com/api/npm/bluescape-repo/universal-user-agent/-/universal-user-agent-5.0.0.tgz",
      "integrity": "sha1-oxgqp1gGm/DnmVJXDKdX3jV5wdk=",
      "requires": {
        "os-name": "^3.1.0"
      }
    },
    "which": {
      "version": "1.3.1",
      "resolved": "https://artifactory.common.bluescape.com/api/npm/bluescape-repo/which/-/which-1.3.1.tgz",
      "integrity": "sha1-pFBD1U9YBTFtqNYvn1CRjT2nCwo=",
      "requires": {
        "isexe": "^2.0.0"
      }
    },
    "windows-release": {
      "version": "3.3.1",
      "resolved": "https://artifactory.common.bluescape.com/api/npm/bluescape-repo/windows-release/-/windows-release-3.3.1.tgz",
      "integrity": "sha1-y06AOF+FUPcJcnKHv3EDXiCcSs4=",
      "requires": {
        "execa": "^1.0.0"
      }
    },
    "wrappy": {
      "version": "1.0.2",
      "resolved": "https://artifactory.common.bluescape.com/api/npm/bluescape-repo/wrappy/-/wrappy-1.0.2.tgz",
      "integrity": "sha1-tSQ9jz7BqjXxNkYFvA0QNuMKtp8="
    }
  }
}
