{
  "name": "env-health-checker",
  "version": "1.0.0",
  "lockfileVersion": 1,
  "requires": true,
  "dependencies": {
    "@actions/core": {
      "version": "1.2.4",
      "resolved": "https://artifactory.common.bluescape.com/api/npm/bluescape-repo/@actions/core/-/core-1.2.4.tgz",
      "integrity": "sha1-lhedv5+NlR3XS0Cg29XCJVXRhqs="
    },
    "@actions/github": {
      "version": "3.0.0",
      "resolved": "https://artifactory.common.bluescape.com/api/npm/bluescape-repo/@actions/github/-/github-3.0.0.tgz",
      "integrity": "sha1-zhtyGiZq1axSLaDJwBPJmQCWBL8=",
      "requires": {
        "@actions/http-client": "^1.0.3",
        "@octokit/core": "^2.5.1",
        "@octokit/plugin-paginate-rest": "^2.2.0",
        "@octokit/plugin-rest-endpoint-methods": "^3.10.0"
      }
    },
    "@actions/http-client": {
      "version": "1.0.8",
      "resolved": "https://artifactory.common.bluescape.com/api/npm/bluescape-repo/@actions/http-client/-/http-client-1.0.8.tgz",
      "integrity": "sha1-i9dujsqJ3IvPYZqhKOuoX3o5r0U=",
      "requires": {
        "tunnel": "0.0.6"
      }
    },
    "@octokit/auth-token": {
      "version": "2.4.2",
      "resolved": "https://artifactory.common.bluescape.com/api/npm/bluescape-repo/@octokit/auth-token/-/auth-token-2.4.2.tgz",
      "integrity": "sha1-ENCul5sQD6a3L6Do5j4n5tDb/4o=",
      "requires": {
        "@octokit/types": "^5.0.0"
      }
    },
    "@octokit/core": {
      "version": "2.5.4",
      "resolved": "https://artifactory.common.bluescape.com/api/npm/bluescape-repo/@octokit/core/-/core-2.5.4.tgz",
      "integrity": "sha1-9/v45PhsXMJJeoiHuiVh7I01gFQ=",
      "requires": {
        "@octokit/auth-token": "^2.4.0",
        "@octokit/graphql": "^4.3.1",
        "@octokit/request": "^5.4.0",
        "@octokit/types": "^5.0.0",
        "before-after-hook": "^2.1.0",
        "universal-user-agent": "^5.0.0"
      }
    },
    "@octokit/endpoint": {
      "version": "6.0.3",
      "resolved": "https://artifactory.common.bluescape.com/api/npm/bluescape-repo/@octokit/endpoint/-/endpoint-6.0.3.tgz",
      "integrity": "sha1-3Qm1mWYtfhtmN0oXerYg2M33NIc=",
      "requires": {
        "@octokit/types": "^5.0.0",
        "is-plain-object": "^3.0.0",
        "universal-user-agent": "^5.0.0"
      }
    },
    "@octokit/graphql": {
      "version": "4.5.1",
      "resolved": "https://artifactory.common.bluescape.com/api/npm/bluescape-repo/@octokit/graphql/-/graphql-4.5.1.tgz",
      "integrity": "sha1-FirtFJAyC4jONHdbP2uN6UVSn6k=",
      "requires": {
        "@octokit/request": "^5.3.0",
        "@octokit/types": "^5.0.0",
        "universal-user-agent": "^5.0.0"
      }
    },
    "@octokit/plugin-paginate-rest": {
      "version": "2.2.3",
      "resolved": "https://artifactory.common.bluescape.com/api/npm/bluescape-repo/@octokit/plugin-paginate-rest/-/plugin-paginate-rest-2.2.3.tgz",
      "integrity": "sha1-pq1Dd+fngy+0vdnUIeYAy3ZArCc=",
      "requires": {
        "@octokit/types": "^5.0.0"
      }
    },
    "@octokit/plugin-rest-endpoint-methods": {
      "version": "3.17.0",
      "resolved": "https://artifactory.common.bluescape.com/api/npm/bluescape-repo/@octokit/plugin-rest-endpoint-methods/-/plugin-rest-endpoint-methods-3.17.0.tgz",
      "integrity": "sha1-2LoE64g4Sd2YZmxVv0nYyf574FU=",
      "requires": {
        "@octokit/types": "^4.1.6",
        "deprecation": "^2.3.1"
      },
      "dependencies": {
        "@octokit/types": {
          "version": "4.1.10",
          "resolved": "https://artifactory.common.bluescape.com/api/npm/bluescape-repo/@octokit/types/-/types-4.1.10.tgz",
          "integrity": "sha1-5AKcEeLMEzUFF3W8FgDn50DkrKQ=",
          "requires": {
            "@types/node": ">= 8"
          }
        }
      }
    },
    "@octokit/request": {
      "version": "5.4.5",
      "resolved": "https://artifactory.common.bluescape.com/api/npm/bluescape-repo/@octokit/request/-/request-5.4.5.tgz",
      "integrity": "sha1-jfZb2BIEdSH36dtv8RjAa6hKwQs=",
      "requires": {
        "@octokit/endpoint": "^6.0.1",
        "@octokit/request-error": "^2.0.0",
        "@octokit/types": "^5.0.0",
        "deprecation": "^2.0.0",
        "is-plain-object": "^3.0.0",
        "node-fetch": "^2.3.0",
        "once": "^1.4.0",
        "universal-user-agent": "^5.0.0"
      }
    },
    "@octokit/request-error": {
      "version": "2.0.2",
      "resolved": "https://artifactory.common.bluescape.com/api/npm/bluescape-repo/@octokit/request-error/-/request-error-2.0.2.tgz",
      "integrity": "sha1-Dna4P12P3aHbmQJ+pfYXwua6ntA=",
      "requires": {
        "@octokit/types": "^5.0.1",
        "deprecation": "^2.0.0",
        "once": "^1.4.0"
      }
    },
    "@octokit/types": {
      "version": "5.0.1",
      "resolved": "https://artifactory.common.bluescape.com/api/npm/bluescape-repo/@octokit/types/-/types-5.0.1.tgz",
      "integrity": "sha1-VFnppenfhWXcxiwXo0SRkE1xlx4=",
      "requires": {
        "@types/node": ">= 8"
      }
    },
    "@types/node": {
      "version": "14.0.14",
      "resolved": "https://artifactory.common.bluescape.com/api/npm/bluescape-repo/@types/node/-/node-14.0.14.tgz",
      "integrity": "sha1-JKC1lZ8WrBQa6wxbPNehW3xky84="
    },
    "ajv": {
      "version": "6.12.2",
      "resolved": "https://artifactory.common.bluescape.com/api/npm/bluescape-repo/ajv/-/ajv-6.12.2.tgz",
      "integrity": "sha1-xinF7O0XuvMUQ3kY0tqIyZ1ZWM0=",
      "requires": {
        "fast-deep-equal": "^3.1.1",
        "fast-json-stable-stringify": "^2.0.0",
        "json-schema-traverse": "^0.4.1",
        "uri-js": "^4.2.2"
      }
    },
    "asn1": {
      "version": "0.2.4",
      "resolved": "https://artifactory.common.bluescape.com/api/npm/bluescape-repo/asn1/-/asn1-0.2.4.tgz",
      "integrity": "sha1-jSR136tVO7M+d7VOWeiAu4ziMTY=",
      "requires": {
        "safer-buffer": "~2.1.0"
      }
    },
    "assert-plus": {
      "version": "1.0.0",
      "resolved": "https://artifactory.common.bluescape.com/api/npm/bluescape-repo/assert-plus/-/assert-plus-1.0.0.tgz",
      "integrity": "sha1-8S4PPF13sLHN2RRpQuTpbB5N1SU="
    },
    "asynckit": {
      "version": "0.4.0",
      "resolved": "https://artifactory.common.bluescape.com/api/npm/bluescape-repo/asynckit/-/asynckit-0.4.0.tgz",
      "integrity": "sha1-x57Zf380y48robyXkLzDZkdLS3k="
    },
    "aws-sign2": {
      "version": "0.7.0",
      "resolved": "https://artifactory.common.bluescape.com/api/npm/bluescape-repo/aws-sign2/-/aws-sign2-0.7.0.tgz",
      "integrity": "sha1-tG6JCTSpWR8tL2+G1+ap8bP+dqg="
    },
    "aws4": {
      "version": "1.10.0",
      "resolved": "https://artifactory.common.bluescape.com/api/npm/bluescape-repo/aws4/-/aws4-1.10.0.tgz",
      "integrity": "sha1-oXs6jqgRBg501H0wYSJACtRJeuI="
    },
    "bcrypt-pbkdf": {
      "version": "1.0.2",
      "resolved": "https://artifactory.common.bluescape.com/api/npm/bluescape-repo/bcrypt-pbkdf/-/bcrypt-pbkdf-1.0.2.tgz",
      "integrity": "sha1-pDAdOJtqQ/m2f/PKEaP2Y342Dp4=",
      "requires": {
        "tweetnacl": "^0.14.3"
      }
    },
    "before-after-hook": {
      "version": "2.1.0",
      "resolved": "https://artifactory.common.bluescape.com/api/npm/bluescape-repo/before-after-hook/-/before-after-hook-2.1.0.tgz",
      "integrity": "sha1-tsA0h/ROJCAN0wyl5qGXnF0vtjU="
    },
    "bluebird": {
      "version": "3.7.2",
      "resolved": "https://artifactory.common.bluescape.com/api/npm/bluescape-repo/bluebird/-/bluebird-3.7.2.tgz",
      "integrity": "sha1-nyKcFb4nJFT/qXOs4NvueaGww28="
    },
    "caseless": {
      "version": "0.12.0",
      "resolved": "https://artifactory.common.bluescape.com/api/npm/bluescape-repo/caseless/-/caseless-0.12.0.tgz",
      "integrity": "sha1-G2gcIf+EAzyCZUMJBolCDRhxUdw="
    },
    "combined-stream": {
      "version": "1.0.8",
      "resolved": "https://artifactory.common.bluescape.com/api/npm/bluescape-repo/combined-stream/-/combined-stream-1.0.8.tgz",
      "integrity": "sha1-w9RaizT9cwYxoRCoolIGgrMdWn8=",
      "requires": {
        "delayed-stream": "~1.0.0"
      }
    },
    "core-util-is": {
      "version": "1.0.2",
      "resolved": "https://artifactory.common.bluescape.com/api/npm/bluescape-repo/core-util-is/-/core-util-is-1.0.2.tgz",
      "integrity": "sha1-tf1UIgqivFq1eqtxQMlAdUUDwac="
    },
    "cross-spawn": {
      "version": "6.0.5",
      "resolved": "https://artifactory.common.bluescape.com/api/npm/bluescape-repo/cross-spawn/-/cross-spawn-6.0.5.tgz",
      "integrity": "sha1-Sl7Hxk364iw6FBJNus3uhG2Ay8Q=",
      "requires": {
        "nice-try": "^1.0.4",
        "path-key": "^2.0.1",
        "semver": "^5.5.0",
        "shebang-command": "^1.2.0",
        "which": "^1.2.9"
      }
    },
    "dashdash": {
      "version": "1.14.1",
      "resolved": "https://artifactory.common.bluescape.com/api/npm/bluescape-repo/dashdash/-/dashdash-1.14.1.tgz",
      "integrity": "sha1-hTz6D3y+L+1d4gMmuN1YEDX24vA=",
      "requires": {
        "assert-plus": "^1.0.0"
      }
    },
    "delayed-stream": {
      "version": "1.0.0",
      "resolved": "https://artifactory.common.bluescape.com/api/npm/bluescape-repo/delayed-stream/-/delayed-stream-1.0.0.tgz",
      "integrity": "sha1-3zrhmayt+31ECqrgsp4icrJOxhk="
    },
    "deprecation": {
      "version": "2.3.1",
      "resolved": "https://artifactory.common.bluescape.com/api/npm/bluescape-repo/deprecation/-/deprecation-2.3.1.tgz",
      "integrity": "sha1-Y2jL20Cr8zc7UlrIfkomDDpwCRk="
    },
    "ecc-jsbn": {
      "version": "0.1.2",
      "resolved": "https://artifactory.common.bluescape.com/api/npm/bluescape-repo/ecc-jsbn/-/ecc-jsbn-0.1.2.tgz",
      "integrity": "sha1-OoOpBOVDUyh4dMVkt1SThoSamMk=",
      "requires": {
        "jsbn": "~0.1.0",
        "safer-buffer": "^2.1.0"
      }
    },
    "end-of-stream": {
      "version": "1.4.4",
      "resolved": "https://artifactory.common.bluescape.com/api/npm/bluescape-repo/end-of-stream/-/end-of-stream-1.4.4.tgz",
      "integrity": "sha1-WuZKX0UFe682JuwU2gyl5LJDHrA=",
      "requires": {
        "once": "^1.4.0"
      }
    },
    "execa": {
      "version": "1.0.0",
      "resolved": "https://artifactory.common.bluescape.com/api/npm/bluescape-repo/execa/-/execa-1.0.0.tgz",
      "integrity": "sha1-xiNqW7TfbW8V6I5/AXeYIWdJ3dg=",
      "requires": {
        "cross-spawn": "^6.0.0",
        "get-stream": "^4.0.0",
        "is-stream": "^1.1.0",
        "npm-run-path": "^2.0.0",
        "p-finally": "^1.0.0",
        "signal-exit": "^3.0.0",
        "strip-eof": "^1.0.0"
      }
    },
    "extend": {
      "version": "3.0.2",
      "resolved": "https://artifactory.common.bluescape.com/api/npm/bluescape-repo/extend/-/extend-3.0.2.tgz",
      "integrity": "sha1-+LETa0Bx+9jrFAr/hYsQGewpFfo="
    },
    "extsprintf": {
      "version": "1.3.0",
      "resolved": "https://artifactory.common.bluescape.com/api/npm/bluescape-repo/extsprintf/-/extsprintf-1.3.0.tgz",
      "integrity": "sha1-lpGEQOMEGnpBT4xS48V06zw+HgU="
    },
    "fast-deep-equal": {
      "version": "3.1.3",
      "resolved": "https://artifactory.common.bluescape.com/api/npm/bluescape-repo/fast-deep-equal/-/fast-deep-equal-3.1.3.tgz",
      "integrity": "sha1-On1WtVnWy8PrUSMlJE5hmmXGxSU="
    },
    "fast-json-stable-stringify": {
      "version": "2.1.0",
      "resolved": "https://artifactory.common.bluescape.com/api/npm/bluescape-repo/fast-json-stable-stringify/-/fast-json-stable-stringify-2.1.0.tgz",
      "integrity": "sha1-h0v2nG9ATCtdmcSBNBOZ/VWJJjM="
    },
    "forever-agent": {
      "version": "0.6.1",
      "resolved": "https://artifactory.common.bluescape.com/api/npm/bluescape-repo/forever-agent/-/forever-agent-0.6.1.tgz",
      "integrity": "sha1-+8cfDEGt6zf5bFd60e1C2P2sypE="
    },
    "form-data": {
      "version": "2.3.3",
      "resolved": "https://artifactory.common.bluescape.com/api/npm/bluescape-repo/form-data/-/form-data-2.3.3.tgz",
      "integrity": "sha1-3M5SwF9kTymManq5Nr1yTO/786Y=",
      "requires": {
        "asynckit": "^0.4.0",
        "combined-stream": "^1.0.6",
        "mime-types": "^2.1.12"
      }
    },
    "get-stream": {
      "version": "4.1.0",
      "resolved": "https://artifactory.common.bluescape.com/api/npm/bluescape-repo/get-stream/-/get-stream-4.1.0.tgz",
      "integrity": "sha1-wbJVV189wh1Zv8ec09K0axw6VLU=",
      "requires": {
        "pump": "^3.0.0"
      }
    },
    "getpass": {
      "version": "0.1.7",
      "resolved": "https://artifactory.common.bluescape.com/api/npm/bluescape-repo/getpass/-/getpass-0.1.7.tgz",
      "integrity": "sha1-Xv+OPmhNVprkyysSgmBOi6YhSfo=",
      "requires": {
        "assert-plus": "^1.0.0"
      }
    },
    "har-schema": {
      "version": "2.0.0",
      "resolved": "https://artifactory.common.bluescape.com/api/npm/bluescape-repo/har-schema/-/har-schema-2.0.0.tgz",
      "integrity": "sha1-qUwiJOvKwEeCoNkDVSHyRzW37JI="
    },
    "har-validator": {
      "version": "5.1.3",
      "resolved": "https://artifactory.common.bluescape.com/api/npm/bluescape-repo/har-validator/-/har-validator-5.1.3.tgz",
      "integrity": "sha1-HvievT5JllV2de7ZiTEQ3DUPoIA=",
      "requires": {
        "ajv": "^6.5.5",
        "har-schema": "^2.0.0"
      }
    },
    "http-signature": {
      "version": "1.2.0",
      "resolved": "https://artifactory.common.bluescape.com/api/npm/bluescape-repo/http-signature/-/http-signature-1.2.0.tgz",
      "integrity": "sha1-muzZJRFHcvPZW2WmCruPfBj7rOE=",
      "requires": {
        "assert-plus": "^1.0.0",
        "jsprim": "^1.2.2",
        "sshpk": "^1.7.0"
      }
    },
    "is-plain-object": {
      "version": "3.0.0",
      "resolved": "https://artifactory.common.bluescape.com/api/npm/bluescape-repo/is-plain-object/-/is-plain-object-3.0.0.tgz",
      "integrity": "sha1-R7/F2htdUNZBEIBsGZNZSC51qSg=",
      "requires": {
        "isobject": "^4.0.0"
      }
    },
    "is-stream": {
      "version": "1.1.0",
      "resolved": "https://artifactory.common.bluescape.com/api/npm/bluescape-repo/is-stream/-/is-stream-1.1.0.tgz",
      "integrity": "sha1-EtSj3U5o4Lec6428hBc66A2RykQ="
    },
    "is-typedarray": {
      "version": "1.0.0",
      "resolved": "https://artifactory.common.bluescape.com/api/npm/bluescape-repo/is-typedarray/-/is-typedarray-1.0.0.tgz",
      "integrity": "sha1-5HnICFjfDBsR3dppQPlgEfzaSpo="
    },
    "isexe": {
      "version": "2.0.0",
      "resolved": "https://artifactory.common.bluescape.com/api/npm/bluescape-repo/isexe/-/isexe-2.0.0.tgz",
      "integrity": "sha1-6PvzdNxVb/iUehDcsFctYz8s+hA="
    },
    "isobject": {
      "version": "4.0.0",
      "resolved": "https://artifactory.common.bluescape.com/api/npm/bluescape-repo/isobject/-/isobject-4.0.0.tgz",
      "integrity": "sha1-PxyRVec7GSAiqAgZus0DQ3EWl7A="
    },
    "isstream": {
      "version": "0.1.2",
      "resolved": "https://artifactory.common.bluescape.com/api/npm/bluescape-repo/isstream/-/isstream-0.1.2.tgz",
      "integrity": "sha1-R+Y/evVa+m+S4VAOaQ64uFKcCZo="
    },
    "jsbn": {
      "version": "0.1.1",
      "resolved": "https://artifactory.common.bluescape.com/api/npm/bluescape-repo/jsbn/-/jsbn-0.1.1.tgz",
      "integrity": "sha1-peZUwuWi3rXyAdls77yoDA7y9RM="
    },
    "json-schema": {
      "version": "0.2.3",
      "resolved": "https://artifactory.common.bluescape.com/api/npm/bluescape-repo/json-schema/-/json-schema-0.2.3.tgz",
      "integrity": "sha1-tIDIkuWaLwWVTOcnvT8qTogvnhM="
    },
    "json-schema-traverse": {
      "version": "0.4.1",
      "resolved": "https://artifactory.common.bluescape.com/api/npm/bluescape-repo/json-schema-traverse/-/json-schema-traverse-0.4.1.tgz",
      "integrity": "sha1-afaofZUTq4u4/mO9sJecRI5oRmA="
    },
    "json-stringify-safe": {
      "version": "5.0.1",
      "resolved": "https://artifactory.common.bluescape.com/api/npm/bluescape-repo/json-stringify-safe/-/json-stringify-safe-5.0.1.tgz",
      "integrity": "sha1-Epai1Y/UXxmg9s4B1lcB4sc1tus="
    },
    "jsprim": {
      "version": "1.4.1",
      "resolved": "https://artifactory.common.bluescape.com/api/npm/bluescape-repo/jsprim/-/jsprim-1.4.1.tgz",
      "integrity": "sha1-MT5mvB5cwG5Di8G3SZwuXFastqI=",
      "requires": {
        "assert-plus": "1.0.0",
        "extsprintf": "1.3.0",
        "json-schema": "0.2.3",
        "verror": "1.10.0"
      }
    },
    "lodash": {
      "version": "4.17.15",
      "resolved": "https://artifactory.common.bluescape.com/api/npm/bluescape-repo/lodash/-/lodash-4.17.15.tgz",
      "integrity": "sha1-tEf2ZwoEVbv+7dETku/zMOoJdUg="
    },
    "macos-release": {
      "version": "2.3.0",
      "resolved": "https://artifactory.common.bluescape.com/api/npm/bluescape-repo/macos-release/-/macos-release-2.3.0.tgz",
      "integrity": "sha1-6xkwsDbAgArevM1fF7xMEt6Ltx8="
    },
    "mime-db": {
      "version": "1.44.0",
      "resolved": "https://artifactory.common.bluescape.com/api/npm/bluescape-repo/mime-db/-/mime-db-1.44.0.tgz",
      "integrity": "sha1-+hHF6wrKEzS0Izy01S8QxaYnL5I="
    },
    "mime-types": {
      "version": "2.1.27",
      "resolved": "https://artifactory.common.bluescape.com/api/npm/bluescape-repo/mime-types/-/mime-types-2.1.27.tgz",
      "integrity": "sha1-R5SfmOJ56lMRn1ci4PNOUpvsAJ8=",
      "requires": {
        "mime-db": "1.44.0"
      }
    },
    "nice-try": {
      "version": "1.0.5",
      "resolved": "https://artifactory.common.bluescape.com/api/npm/bluescape-repo/nice-try/-/nice-try-1.0.5.tgz",
      "integrity": "sha1-ozeKdpbOfSI+iPybdkvX7xCJ42Y="
    },
    "node-fetch": {
      "version": "2.6.0",
      "resolved": "https://artifactory.common.bluescape.com/api/npm/bluescape-repo/node-fetch/-/node-fetch-2.6.0.tgz",
      "integrity": "sha1-5jNFY4bUqlWGP2dqerDaqP3ssP0="
    },
    "npm-run-path": {
      "version": "2.0.2",
      "resolved": "https://artifactory.common.bluescape.com/api/npm/bluescape-repo/npm-run-path/-/npm-run-path-2.0.2.tgz",
      "integrity": "sha1-NakjLfo11wZ7TLLd8jV7GHFTbF8=",
      "requires": {
        "path-key": "^2.0.0"
      }
    },
    "oauth-sign": {
      "version": "0.9.0",
      "resolved": "https://artifactory.common.bluescape.com/api/npm/bluescape-repo/oauth-sign/-/oauth-sign-0.9.0.tgz",
      "integrity": "sha1-R6ewFrqmi1+g7PPe4IqFxnmsZFU="
    },
    "once": {
      "version": "1.4.0",
      "resolved": "https://artifactory.common.bluescape.com/api/npm/bluescape-repo/once/-/once-1.4.0.tgz",
      "integrity": "sha1-WDsap3WWHUsROsF9nFC6753Xa9E=",
      "requires": {
        "wrappy": "1"
      }
    },
    "os-name": {
      "version": "3.1.0",
      "resolved": "https://artifactory.common.bluescape.com/api/npm/bluescape-repo/os-name/-/os-name-3.1.0.tgz",
      "integrity": "sha1-3sGdlmKW4c1i1wGlpm7h3ernCAE=",
      "requires": {
        "macos-release": "^2.2.0",
        "windows-release": "^3.1.0"
      }
    },
    "p-finally": {
      "version": "1.0.0",
      "resolved": "https://artifactory.common.bluescape.com/api/npm/bluescape-repo/p-finally/-/p-finally-1.0.0.tgz",
      "integrity": "sha1-P7z7FbiZpEEjs0ttzBi3JDNqLK4="
    },
    "path-key": {
      "version": "2.0.1",
      "resolved": "https://artifactory.common.bluescape.com/api/npm/bluescape-repo/path-key/-/path-key-2.0.1.tgz",
      "integrity": "sha1-QRyttXTFoUDTpLGRDUDYDMn0C0A="
    },
    "performance-now": {
      "version": "2.1.0",
      "resolved": "https://artifactory.common.bluescape.com/api/npm/bluescape-repo/performance-now/-/performance-now-2.1.0.tgz",
      "integrity": "sha1-Ywn04OX6kT7BxpMHrjZLSzd8nns="
    },
    "psl": {
      "version": "1.8.0",
      "resolved": "https://artifactory.common.bluescape.com/api/npm/bluescape-repo/psl/-/psl-1.8.0.tgz",
      "integrity": "sha1-kyb4vPsBOtzABf3/BWrM4CDlHCQ="
    },
    "pump": {
      "version": "3.0.0",
      "resolved": "https://artifactory.common.bluescape.com/api/npm/bluescape-repo/pump/-/pump-3.0.0.tgz",
      "integrity": "sha1-tKIRaBW94vTh6mAjVOjHVWUQemQ=",
      "requires": {
        "end-of-stream": "^1.1.0",
        "once": "^1.3.1"
      }
    },
    "punycode": {
      "version": "2.1.1",
      "resolved": "https://artifactory.common.bluescape.com/api/npm/bluescape-repo/punycode/-/punycode-2.1.1.tgz",
      "integrity": "sha1-tYsBCsQMIsVldhbI0sLALHv0eew="
    },
    "qs": {
      "version": "6.5.2",
      "resolved": "https://artifactory.common.bluescape.com/api/npm/bluescape-repo/qs/-/qs-6.5.2.tgz",
      "integrity": "sha1-yzroBuh0BERYTvFUzo7pjUA/PjY="
    },
    "request": {
      "version": "2.88.2",
      "resolved": "https://artifactory.common.bluescape.com/api/npm/bluescape-repo/request/-/request-2.88.2.tgz",
      "integrity": "sha1-1zyRhzHLWofaBH4gcjQUb2ZNErM=",
      "requires": {
        "aws-sign2": "~0.7.0",
        "aws4": "^1.8.0",
        "caseless": "~0.12.0",
        "combined-stream": "~1.0.6",
        "extend": "~3.0.2",
        "forever-agent": "~0.6.1",
        "form-data": "~2.3.2",
        "har-validator": "~5.1.3",
        "http-signature": "~1.2.0",
        "is-typedarray": "~1.0.0",
        "isstream": "~0.1.2",
        "json-stringify-safe": "~5.0.1",
        "mime-types": "~2.1.19",
        "oauth-sign": "~0.9.0",
        "performance-now": "^2.1.0",
        "qs": "~6.5.2",
        "safe-buffer": "^5.1.2",
        "tough-cookie": "~2.5.0",
        "tunnel-agent": "^0.6.0",
        "uuid": "^3.3.2"
      }
    },
    "request-promise": {
      "version": "4.2.5",
      "resolved": "https://artifactory.common.bluescape.com/api/npm/bluescape-repo/request-promise/-/request-promise-4.2.5.tgz",
      "integrity": "sha1-GGIixZrlEvNJff5NdanIRhvQBTw=",
      "requires": {
        "bluebird": "^3.5.0",
        "request-promise-core": "1.1.3",
        "stealthy-require": "^1.1.1",
        "tough-cookie": "^2.3.3"
      }
    },
    "request-promise-core": {
      "version": "1.1.3",
      "resolved": "https://artifactory.common.bluescape.com/api/npm/bluescape-repo/request-promise-core/-/request-promise-core-1.1.3.tgz",
      "integrity": "sha1-6aPAgbUTgN/qZ3M2Bh/qh5qCnuk=",
      "requires": {
        "lodash": "^4.17.15"
      }
    },
    "safe-buffer": {
      "version": "5.2.1",
      "resolved": "https://artifactory.common.bluescape.com/api/npm/bluescape-repo/safe-buffer/-/safe-buffer-5.2.1.tgz",
      "integrity": "sha1-Hq+fqb2x/dTsdfWPnNtOa3gn7sY="
    },
    "safer-buffer": {
      "version": "2.1.2",
      "resolved": "https://artifactory.common.bluescape.com/api/npm/bluescape-repo/safer-buffer/-/safer-buffer-2.1.2.tgz",
      "integrity": "sha1-RPoWGwGHuVSd2Eu5GAL5vYOFzWo="
    },
    "semver": {
      "version": "5.7.1",
      "resolved": "https://artifactory.common.bluescape.com/api/npm/bluescape-repo/semver/-/semver-5.7.1.tgz",
      "integrity": "sha1-qVT5Ma66UI0we78Gnv8MAclhFvc="
    },
    "shebang-command": {
      "version": "1.2.0",
      "resolved": "https://artifactory.common.bluescape.com/api/npm/bluescape-repo/shebang-command/-/shebang-command-1.2.0.tgz",
      "integrity": "sha1-RKrGW2lbAzmJaMOfNj/uXer98eo=",
      "requires": {
        "shebang-regex": "^1.0.0"
      }
    },
    "shebang-regex": {
      "version": "1.0.0",
      "resolved": "https://artifactory.common.bluescape.com/api/npm/bluescape-repo/shebang-regex/-/shebang-regex-1.0.0.tgz",
      "integrity": "sha1-2kL0l0DAtC2yypcoVxyxkMmO/qM="
    },
    "signal-exit": {
      "version": "3.0.3",
      "resolved": "https://artifactory.common.bluescape.com/api/npm/bluescape-repo/signal-exit/-/signal-exit-3.0.3.tgz",
      "integrity": "sha1-oUEMLt2PB3sItOJTyOrPyvBXRhw="
    },
    "sshpk": {
      "version": "1.16.1",
      "resolved": "https://artifactory.common.bluescape.com/api/npm/bluescape-repo/sshpk/-/sshpk-1.16.1.tgz",
      "integrity": "sha1-+2YcC+8ps520B2nuOfpwCT1vaHc=",
      "requires": {
        "asn1": "~0.2.3",
        "assert-plus": "^1.0.0",
        "bcrypt-pbkdf": "^1.0.0",
        "dashdash": "^1.12.0",
        "ecc-jsbn": "~0.1.1",
        "getpass": "^0.1.1",
        "jsbn": "~0.1.0",
        "safer-buffer": "^2.0.2",
        "tweetnacl": "~0.14.0"
      }
    },
    "stealthy-require": {
      "version": "1.1.1",
      "resolved": "https://artifactory.common.bluescape.com/api/npm/bluescape-repo/stealthy-require/-/stealthy-require-1.1.1.tgz",
      "integrity": "sha1-NbCYdbT/SfJqd35QmzCQoyJr8ks="
    },
    "strip-eof": {
      "version": "1.0.0",
      "resolved": "https://artifactory.common.bluescape.com/api/npm/bluescape-repo/strip-eof/-/strip-eof-1.0.0.tgz",
      "integrity": "sha1-u0P/VZim6wXYm1n80SnJgzE2Br8="
    },
    "tough-cookie": {
      "version": "2.5.0",
      "resolved": "https://artifactory.common.bluescape.com/api/npm/bluescape-repo/tough-cookie/-/tough-cookie-2.5.0.tgz",
      "integrity": "sha1-zZ+yoKodWhK0c72fuW+j3P9lreI=",
      "requires": {
        "psl": "^1.1.28",
        "punycode": "^2.1.1"
      }
    },
    "tunnel": {
      "version": "0.0.6",
      "resolved": "https://artifactory.common.bluescape.com/api/npm/bluescape-repo/tunnel/-/tunnel-0.0.6.tgz",
      "integrity": "sha1-cvExSzSlsZLbASMk3yzFh8pH+Sw="
    },
    "tunnel-agent": {
      "version": "0.6.0",
      "resolved": "https://artifactory.common.bluescape.com/api/npm/bluescape-repo/tunnel-agent/-/tunnel-agent-0.6.0.tgz",
      "integrity": "sha1-J6XeoGs2sEoKmWZ3SykIaPD8QP0=",
      "requires": {
        "safe-buffer": "^5.0.1"
      }
    },
    "tweetnacl": {
      "version": "0.14.5",
      "resolved": "https://artifactory.common.bluescape.com/api/npm/bluescape-repo/tweetnacl/-/tweetnacl-0.14.5.tgz",
      "integrity": "sha1-WuaBd/GS1EViadEIr6k/+HQ/T2Q="
    },
    "universal-user-agent": {
      "version": "5.0.0",
      "resolved": "https://artifactory.common.bluescape.com/api/npm/bluescape-repo/universal-user-agent/-/universal-user-agent-5.0.0.tgz",
      "integrity": "sha1-oxgqp1gGm/DnmVJXDKdX3jV5wdk=",
      "requires": {
        "os-name": "^3.1.0"
      }
    },
    "uri-js": {
      "version": "4.2.2",
      "resolved": "https://artifactory.common.bluescape.com/api/npm/bluescape-repo/uri-js/-/uri-js-4.2.2.tgz",
      "integrity": "sha1-lMVA4f93KVbiKZUHwBCupsiDjrA=",
      "requires": {
        "punycode": "^2.1.0"
      }
    },
    "uuid": {
      "version": "3.4.0",
      "resolved": "https://artifactory.common.bluescape.com/api/npm/bluescape-repo/uuid/-/uuid-3.4.0.tgz",
      "integrity": "sha1-sj5DWK+oogL+ehAK8fX4g/AgB+4="
    },
    "verror": {
      "version": "1.10.0",
      "resolved": "https://artifactory.common.bluescape.com/api/npm/bluescape-repo/verror/-/verror-1.10.0.tgz",
      "integrity": "sha1-OhBcoXBTr1XW4nDB+CiGguGNpAA=",
      "requires": {
        "assert-plus": "^1.0.0",
        "core-util-is": "1.0.2",
        "extsprintf": "^1.2.0"
      }
    },
    "which": {
      "version": "1.3.1",
      "resolved": "https://artifactory.common.bluescape.com/api/npm/bluescape-repo/which/-/which-1.3.1.tgz",
      "integrity": "sha1-pFBD1U9YBTFtqNYvn1CRjT2nCwo=",
      "requires": {
        "isexe": "^2.0.0"
      }
    },
    "windows-release": {
      "version": "3.3.1",
      "resolved": "https://artifactory.common.bluescape.com/api/npm/bluescape-repo/windows-release/-/windows-release-3.3.1.tgz",
      "integrity": "sha1-y06AOF+FUPcJcnKHv3EDXiCcSs4=",
      "requires": {
        "execa": "^1.0.0"
      }
    },
    "wrappy": {
      "version": "1.0.2",
      "resolved": "https://artifactory.common.bluescape.com/api/npm/bluescape-repo/wrappy/-/wrappy-1.0.2.tgz",
      "integrity": "sha1-tSQ9jz7BqjXxNkYFvA0QNuMKtp8="
    }
  }
}
